%{"amqp": {:hex, :amqp, "0.3.0", "45c26acbc63507e4bf7fe9b2e7e32733dcf478a1695439baedc4690722b652d1", [:mix], [{:amqp_client, "~> 3.6.8", [hex: :amqp_client, repo: "hexpm", optional: false]}, {:rabbit_common, "~> 3.6.8", [hex: :rabbit_common, repo: "hexpm", optional: false]}], "hexpm"},
  "amqp_client": {:hex, :amqp_client, "3.6.12", "dfdfe7be661feb96ece404092a47431a73797ad412959732d940f96f80290da0", [:make, :rebar3], [{:rabbit_common, "3.6.12", [hex: :rabbit_common, repo: "hexpm", optional: false]}], "hexpm"},
  "dialyxir": {:hex, :dialyxir, "0.3.5", "eaba092549e044c76f83165978979f60110dc58dd5b92fd952bf2312f64e9b14", [:mix], []},
  "earmark": {:hex, :earmark, "1.0.1", "2c2cd903bfdc3de3f189bd9a8d4569a075b88a8981ded9a0d95672f6e2b63141", [:mix], []},
  "ex_doc": {:hex, :ex_doc, "0.13.0", "aa2f8fe4c6136a2f7cfc0a7e06805f82530e91df00e2bff4b4362002b43ada65", [:mix], [{:earmark, "~> 1.0", [hex: :earmark, optional: false]}]},
  "rabbit_common": {:hex, :rabbit_common, "3.6.12", "28dfb9ce4decf64caa9d9e70977ab57af983bc2795fd9db349bfc254a8b45235", [:make, :rebar3], [], "hexpm"}}
